
Microsoft Visual Studio Solution File, Format Version 12.00
# Visual Studio 15
VisualStudioVersion = 15.0.26124.0
MinimumVisualStudioVersion = 15.0.26124.0
Project("{FAE04EC0-301F-11D3-BF4B-00C04F79EFBC}") = "Server", "Server\Server.csproj", "{6EC33EA1-A798-4039-BAC8-FD01E793791D}"
EndProject
Project("{FAE04EC0-301F-11D3-BF4B-00C04F79EFBC}") = "Client", "Client\Client.csproj", "{FAAA33BC-5EA3-4180-8999-148697C805BB}"
EndProject
Project("{FAE04EC0-301F-11D3-BF4B-00C04F79EFBC}") = "Shared", "Shared\Shared.csproj", "{9EE34BFE-B8E8-4277-92D9-32BBD0853B13}"
EndProject
Global
	GlobalSection(SolutionConfigurationPlatforms) = preSolution
		Debug|Any CPU = Debug|Any CPU
		Debug|x64 = Debug|x64
		Debug|x86 = Debug|x86
		Release|Any CPU = Release|Any CPU
		Release|x64 = Release|x64
		Release|x86 = Release|x86
	EndGlobalSection
	GlobalSection(SolutionProperties) = preSolution
		HideSolutionNode = FALSE
	EndGlobalSection
	GlobalSection(ProjectConfigurationPlatforms) = postSolution
		{6EC33EA1-A798-4039-BAC8-FD01E793791D}.Debug|Any CPU.ActiveCfg = Debug|Any CPU
		{6EC33EA1-A798-4039-BAC8-FD01E793791D}.Debug|Any CPU.Build.0 = Debug|Any CPU
		{6EC33EA1-A798-4039-BAC8-FD01E793791D}.Debug|x64.ActiveCfg = Debug|Any CPU
		{6EC33EA1-A798-4039-BAC8-FD01E793791D}.Debug|x64.Build.0 = Debug|Any CPU
		{6EC33EA1-A798-4039-BAC8-FD01E793791D}.Debug|x86.ActiveCfg = Debug|Any CPU
		{6EC33EA1-A798-4039-BAC8-FD01E793791D}.Debug|x86.Build.0 = Debug|Any CPU
		{6EC33EA1-A798-4039-BAC8-FD01E793791D}.Release|Any CPU.ActiveCfg = Release|Any CPU
		{6EC33EA1-A798-4039-BAC8-FD01E793791D}.Release|Any CPU.Build.0 = Release|Any CPU
		{6EC33EA1-A798-4039-BAC8-FD01E793791D}.Release|x64.ActiveCfg = Release|Any CPU
		{6EC33EA1-A798-4039-BAC8-FD01E793791D}.Release|x64.Build.0 = Release|Any CPU
		{6EC33EA1-A798-4039-BAC8-FD01E793791D}.Release|x86.ActiveCfg = Release|Any CPU
		{6EC33EA1-A798-4039-BAC8-FD01E793791D}.Release|x86.Build.0 = Release|Any CPU
		{FAAA33BC-5EA3-4180-8999-148697C805BB}.Debug|Any CPU.ActiveCfg = Debug|Any CPU
		{FAAA33BC-5EA3-4180-8999-148697C805BB}.Debug|Any CPU.Build.0 = Debug|Any CPU
		{FAAA33BC-5EA3-4180-8999-148697C805BB}.Debug|x64.ActiveCfg = Debug|Any CPU
		{FAAA33BC-5EA3-4180-8999-148697C805BB}.Debug|x64.Build.0 = Debug|Any CPU
		{FAAA33BC-5EA3-4180-8999-148697C805BB}.Debug|x86.ActiveCfg = Debug|Any CPU
		{FAAA33BC-5EA3-4180-8999-148697C805BB}.Debug|x86.Build.0 = Debug|Any CPU
		{FAAA33BC-5EA3-4180-8999-148697C805BB}.Release|Any CPU.ActiveCfg = Release|Any CPU
		{FAAA33BC-5EA3-4180-8999-148697C805BB}.Release|Any CPU.Build.0 = Release|Any CPU
		{FAAA33BC-5EA3-4180-8999-148697C805BB}.Release|x64.ActiveCfg = Release|Any CPU
		{FAAA33BC-5EA3-4180-8999-148697C805BB}.Release|x64.Build.0 = Release|Any CPU
		{FAAA33BC-5EA3-4180-8999-148697C805BB}.Release|x86.ActiveCfg = Release|Any CPU
		{FAAA33BC-5EA3-4180-8999-148697C805BB}.Release|x86.Build.0 = Release|Any CPU
		{9EE34BFE-B8E8-4277-92D9-32BBD0853B13}.Debug|Any CPU.ActiveCfg = Debug|Any CPU
		{9EE34BFE-B8E8-4277-92D9-32BBD0853B13}.Debug|Any CPU.Build.0 = Debug|Any CPU
		{9EE34BFE-B8E8-4277-92D9-32BBD0853B13}.Debug|x64.ActiveCfg = Debug|Any CPU
		{9EE34BFE-B8E8-4277-92D9-32BBD0853B13}.Debug|x64.Build.0 = Debug|Any CPU
		{9EE34BFE-B8E8-4277-92D9-32BBD0853B13}.Debug|x86.ActiveCfg = Debug|Any CPU
		{9EE34BFE-B8E8-4277-92D9-32BBD0853B13}.Debug|x86.Build.0 = Debug|Any CPU
		{9EE34BFE-B8E8-4277-92D9-32BBD0853B13}.Release|Any CPU.ActiveCfg = Release|Any CPU
		{9EE34BFE-B8E8-4277-92D9-32BBD0853B13}.Release|Any CPU.Build.0 = Release|Any CPU
		{9EE34BFE-B8E8-4277-92D9-32BBD0853B13}.Release|x64.ActiveCfg = Release|Any CPU
		{9EE34BFE-B8E8-4277-92D9-32BBD0853B13}.Release|x64.Build.0 = Release|Any CPU
		{9EE34BFE-B8E8-4277-92D9-32BBD0853B13}.Release|x86.ActiveCfg = Release|Any CPU
		{9EE34BFE-B8E8-4277-92D9-32BBD0853B13}.Release|x86.Build.0 = Release|Any CPU
	EndGlobalSection
EndGlobal
